
Microsoft Visual Studio Solution File, Format Version 12.00
# Visual Studio Version 17
VisualStudioVersion = 17.1.31911.260
MinimumVisualStudioVersion = 10.0.40219.1
Project("{FAE04EC0-301F-11D3-BF4B-00C04F79EFBC}") = "AppShellRenderer.Android", "AppShellRenderer\AppShellRenderer.Android\AppShellRenderer.Android.csproj", "{1D95C23A-3B8A-48AC-859E-E0305DC3FB43}"
EndProject
Project("{FAE04EC0-301F-11D3-BF4B-00C04F79EFBC}") = "AppShellRenderer.iOS", "AppShellRenderer\AppShellRenderer.iOS\AppShellRenderer.iOS.csproj", "{C3C6B722-1FB5-44B1-87C6-633572948653}"
EndProject
Project("{FAE04EC0-301F-11D3-BF4B-00C04F79EFBC}") = "AppShellRenderer", "AppShellRenderer\AppShellRenderer\AppShellRenderer.csproj", "{066A2745-9EBD-4241-AEA9-4C4068EF520D}"
EndProject
Global
	GlobalSection(SolutionConfigurationPlatforms) = preSolution
		Debug|Any CPU = Debug|Any CPU
		Debug|iPhone = Debug|iPhone
		Debug|iPhoneSimulator = Debug|iPhoneSimulator
		Release|Any CPU = Release|Any CPU
		Release|iPhone = Release|iPhone
		Release|iPhoneSimulator = Release|iPhoneSimulator
	EndGlobalSection
	GlobalSection(ProjectConfigurationPlatforms) = postSolution
		{1D95C23A-3B8A-48AC-859E-E0305DC3FB43}.Debug|Any CPU.ActiveCfg = Debug|Any CPU
		{1D95C23A-3B8A-48AC-859E-E0305DC3FB43}.Debug|Any CPU.Build.0 = Debug|Any CPU
		{1D95C23A-3B8A-48AC-859E-E0305DC3FB43}.Debug|Any CPU.Deploy.0 = Debug|Any CPU
		{1D95C23A-3B8A-48AC-859E-E0305DC3FB43}.Debug|iPhone.ActiveCfg = Debug|Any CPU
		{1D95C23A-3B8A-48AC-859E-E0305DC3FB43}.Debug|iPhone.Build.0 = Debug|Any CPU
		{1D95C23A-3B8A-48AC-859E-E0305DC3FB43}.Debug|iPhone.Deploy.0 = Debug|Any CPU
		{1D95C23A-3B8A-48AC-859E-E0305DC3FB43}.Debug|iPhoneSimulator.ActiveCfg = Debug|Any CPU
		{1D95C23A-3B8A-48AC-859E-E0305DC3FB43}.Debug|iPhoneSimulator.Build.0 = Debug|Any CPU
		{1D95C23A-3B8A-48AC-859E-E0305DC3FB43}.Debug|iPhoneSimulator.Deploy.0 = Debug|Any CPU
		{1D95C23A-3B8A-48AC-859E-E0305DC3FB43}.Release|Any CPU.ActiveCfg = Release|Any CPU
		{1D95C23A-3B8A-48AC-859E-E0305DC3FB43}.Release|Any CPU.Build.0 = Release|Any CPU
		{1D95C23A-3B8A-48AC-859E-E0305DC3FB43}.Release|Any CPU.Deploy.0 = Release|Any CPU
		{1D95C23A-3B8A-48AC-859E-E0305DC3FB43}.Release|iPhone.ActiveCfg = Release|Any CPU
		{1D95C23A-3B8A-48AC-859E-E0305DC3FB43}.Release|iPhone.Build.0 = Release|Any CPU
		{1D95C23A-3B8A-48AC-859E-E0305DC3FB43}.Release|iPhone.Deploy.0 = Release|Any CPU
		{1D95C23A-3B8A-48AC-859E-E0305DC3FB43}.Release|iPhoneSimulator.ActiveCfg = Release|Any CPU
		{1D95C23A-3B8A-48AC-859E-E0305DC3FB43}.Release|iPhoneSimulator.Build.0 = Release|Any CPU
		{1D95C23A-3B8A-48AC-859E-E0305DC3FB43}.Release|iPhoneSimulator.Deploy.0 = Release|Any CPU
		{C3C6B722-1FB5-44B1-87C6-633572948653}.Debug|Any CPU.ActiveCfg = Debug|iPhone
		{C3C6B722-1FB5-44B1-87C6-633572948653}.Debug|Any CPU.Build.0 = Debug|iPhone
		{C3C6B722-1FB5-44B1-87C6-633572948653}.Debug|Any CPU.Deploy.0 = Debug|iPhone
		{C3C6B722-1FB5-44B1-87C6-633572948653}.Debug|iPhone.ActiveCfg = Debug|iPhone
		{C3C6B722-1FB5-44B1-87C6-633572948653}.Debug|iPhone.Build.0 = Debug|iPhone
		{C3C6B722-1FB5-44B1-87C6-633572948653}.Debug|iPhone.Deploy.0 = Debug|iPhone
		{C3C6B722-1FB5-44B1-87C6-633572948653}.Debug|iPhoneSimulator.ActiveCfg = Debug|iPhoneSimulator
		{C3C6B722-1FB5-44B1-87C6-633572948653}.Debug|iPhoneSimulator.Build.0 = Debug|iPhoneSimulator
		{C3C6B722-1FB5-44B1-87C6-633572948653}.Debug|iPhoneSimulator.Deploy.0 = Debug|iPhoneSimulator
		{C3C6B722-1FB5-44B1-87C6-633572948653}.Release|Any CPU.ActiveCfg = Release|iPhoneSimulator
		{C3C6B722-1FB5-44B1-87C6-633572948653}.Release|Any CPU.Build.0 = Release|iPhoneSimulator
		{C3C6B722-1FB5-44B1-87C6-633572948653}.Release|Any CPU.Deploy.0 = Release|iPhoneSimulator
		{C3C6B722-1FB5-44B1-87C6-633572948653}.Release|iPhone.ActiveCfg = Release|iPhone
		{C3C6B722-1FB5-44B1-87C6-633572948653}.Release|iPhone.Build.0 = Release|iPhone
		{C3C6B722-1FB5-44B1-87C6-633572948653}.Release|iPhone.Deploy.0 = Release|iPhone
		{C3C6B722-1FB5-44B1-87C6-633572948653}.Release|iPhoneSimulator.ActiveCfg = Release|iPhoneSimulator
		{C3C6B722-1FB5-44B1-87C6-633572948653}.Release|iPhoneSimulator.Build.0 = Release|iPhoneSimulator
		{C3C6B722-1FB5-44B1-87C6-633572948653}.Release|iPhoneSimulator.Deploy.0 = Release|iPhoneSimulator
		{066A2745-9EBD-4241-AEA9-4C4068EF520D}.Debug|Any CPU.ActiveCfg = Debug|Any CPU
		{066A2745-9EBD-4241-AEA9-4C4068EF520D}.Debug|Any CPU.Build.0 = Debug|Any CPU
		{066A2745-9EBD-4241-AEA9-4C4068EF520D}.Debug|Any CPU.Deploy.0 = Debug|Any CPU
		{066A2745-9EBD-4241-AEA9-4C4068EF520D}.Debug|iPhone.ActiveCfg = Debug|Any CPU
		{066A2745-9EBD-4241-AEA9-4C4068EF520D}.Debug|iPhone.Build.0 = Debug|Any CPU
		{066A2745-9EBD-4241-AEA9-4C4068EF520D}.Debug|iPhone.Deploy.0 = Debug|Any CPU
		{066A2745-9EBD-4241-AEA9-4C4068EF520D}.Debug|iPhoneSimulator.ActiveCfg = Debug|Any CPU
		{066A2745-9EBD-4241-AEA9-4C4068EF520D}.Debug|iPhoneSimulator.Build.0 = Debug|Any CPU
		{066A2745-9EBD-4241-AEA9-4C4068EF520D}.Debug|iPhoneSimulator.Deploy.0 = Debug|Any CPU
		{066A2745-9EBD-4241-AEA9-4C4068EF520D}.Release|Any CPU.ActiveCfg = Release|Any CPU
		{066A2745-9EBD-4241-AEA9-4C4068EF520D}.Release|Any CPU.Build.0 = Release|Any CPU
		{066A2745-9EBD-4241-AEA9-4C4068EF520D}.Release|Any CPU.Deploy.0 = Release|Any CPU
		{066A2745-9EBD-4241-AEA9-4C4068EF520D}.Release|iPhone.ActiveCfg = Release|Any CPU
		{066A2745-9EBD-4241-AEA9-4C4068EF520D}.Release|iPhone.Build.0 = Release|Any CPU
		{066A2745-9EBD-4241-AEA9-4C4068EF520D}.Release|iPhone.Deploy.0 = Release|Any CPU
		{066A2745-9EBD-4241-AEA9-4C4068EF520D}.Release|iPhoneSimulator.ActiveCfg = Release|Any CPU
		{066A2745-9EBD-4241-AEA9-4C4068EF520D}.Release|iPhoneSimulator.Build.0 = Release|Any CPU
		{066A2745-9EBD-4241-AEA9-4C4068EF520D}.Release|iPhoneSimulator.Deploy.0 = Release|Any CPU
	EndGlobalSection
	GlobalSection(SolutionProperties) = preSolution
		HideSolutionNode = FALSE
	EndGlobalSection
	GlobalSection(ExtensibilityGlobals) = postSolution
		SolutionGuid = {15EB39B7-700F-46D5-AAF0-002F143C88EE}
	EndGlobalSection
EndGlobal
